
Microsoft Visual Studio Solution File, Format Version 12.00
Project("{FAE04EC0-301F-11D3-BF4B-00C04F79EFBC}") = "ConsoleApp1", "ConsoleApp1\ConsoleApp1.csproj", "{56864C9A-0E4C-40A6-B471-6373FF146323}"
EndProject
Global
	GlobalSection(SolutionConfigurationPlatforms) = preSolution
		Debug|Any CPU = Debug|Any CPU
		Release|Any CPU = Release|Any CPU
	EndGlobalSection
	GlobalSection(ProjectConfigurationPlatforms) = postSolution
		{56864C9A-0E4C-40A6-B471-6373FF146323}.Debug|Any CPU.ActiveCfg = Debug|Any CPU
		{56864C9A-0E4C-40A6-B471-6373FF146323}.Debug|Any CPU.Build.0 = Debug|Any CPU
		{56864C9A-0E4C-40A6-B471-6373FF146323}.Release|Any CPU.ActiveCfg = Release|Any CPU
		{56864C9A-0E4C-40A6-B471-6373FF146323}.Release|Any CPU.Build.0 = Release|Any CPU
	EndGlobalSection
EndGlobal
